
Microsoft Visual Studio Solution File, Format Version 12.00
# Visual Studio Version 16
VisualStudioVersion = 16.0.31624.102
MinimumVisualStudioVersion = 10.0.40219.1
Project("{FAE04EC0-301F-11D3-BF4B-00C04F79EFBC}") = "Expected Grade", "Expected Grade\Expected Grade.csproj", "{B25C900A-5D68-4661-AD66-067BEF984765}"
EndProject
Global
	GlobalSection(SolutionConfigurationPlatforms) = preSolution
		Debug|Any CPU = Debug|Any CPU
		Release|Any CPU = Release|Any CPU
	EndGlobalSection
	GlobalSection(ProjectConfigurationPlatforms) = postSolution
		{B25C900A-5D68-4661-AD66-067BEF984765}.Debug|Any CPU.ActiveCfg = Debug|Any CPU
		{B25C900A-5D68-4661-AD66-067BEF984765}.Debug|Any CPU.Build.0 = Debug|Any CPU
		{B25C900A-5D68-4661-AD66-067BEF984765}.Release|Any CPU.ActiveCfg = Release|Any CPU
		{B25C900A-5D68-4661-AD66-067BEF984765}.Release|Any CPU.Build.0 = Release|Any CPU
	EndGlobalSection
	GlobalSection(SolutionProperties) = preSolution
		HideSolutionNode = FALSE
	EndGlobalSection
	GlobalSection(ExtensibilityGlobals) = postSolution
		SolutionGuid = {5B2CDF97-508B-4985-A91A-86F3D8B56199}
	EndGlobalSection
EndGlobal
